
Microsoft Visual Studio Solution File, Format Version 12.00
# Visual Studio Version 16
VisualStudioVersion = 16.0.29728.190
MinimumVisualStudioVersion = 10.0.40219.1
Project("{FAE04EC0-301F-11D3-BF4B-00C04F79EFBC}") = "SchoolTracker", "SchoolTracker\SchoolTracker.csproj", "{66879A10-3EA9-4B07-BA44-85CE97A2A450}"
EndProject
Global
	GlobalSection(SolutionConfigurationPlatforms) = preSolution
		Debug|Any CPU = Debug|Any CPU
		Release|Any CPU = Release|Any CPU
	EndGlobalSection
	GlobalSection(ProjectConfigurationPlatforms) = postSolution
		{66879A10-3EA9-4B07-BA44-85CE97A2A450}.Debug|Any CPU.ActiveCfg = Debug|Any CPU
		{66879A10-3EA9-4B07-BA44-85CE97A2A450}.Debug|Any CPU.Build.0 = Debug|Any CPU
		{66879A10-3EA9-4B07-BA44-85CE97A2A450}.Release|Any CPU.ActiveCfg = Release|Any CPU
		{66879A10-3EA9-4B07-BA44-85CE97A2A450}.Release|Any CPU.Build.0 = Release|Any CPU
	EndGlobalSection
	GlobalSection(SolutionProperties) = preSolution
		HideSolutionNode = FALSE
	EndGlobalSection
	GlobalSection(ExtensibilityGlobals) = postSolution
		SolutionGuid = {F21B3CAF-9E85-4F46-8518-C91FBC8AE4A4}
	EndGlobalSection
EndGlobal
